{
  "name": "ml",
  "lockfileVersion": 3,
  "requires": true,
  "packages": {
    "": {
      "dependencies": {
        "cat": "^0.2.0"
      }
    },
    "node_modules/cat": {
      "version": "0.2.0",
      "resolved": "https://registry.npmjs.org/cat/-/cat-0.2.0.tgz",
      "integrity": "sha512-FrG38TVBt6XKcbWHNZ1AsnFr+eozwypXhaMRHuJrC1JvC+3GaG8G/MwuChyJOVVdPT5VsH91PiRFaheQlK/6Gg==",
      "bin": {
        "cat": "bin.js"
      }
    }
  }
}
